{
  "name": "html",
  "lockfileVersion": 2,
  "requires": true,
  "packages": {
    "": {
      "dependencies": {
        "flipclock": "^0.7.8"
      }
    },
    "node_modules/flipclock": {
      "version": "0.7.8",
      "resolved": "https://registry.npmjs.org/flipclock/-/flipclock-0.7.8.tgz",
      "integrity": "sha512-YkMQ5krRzxZJz38m8aJuyPqtphPdnXmas4kNLZbAwu3FNNwsRsg3gzUJM0onWDy34tDlh20IUSSmKiyuE8QJjg==",
      "dependencies": {
        "jquery": ">=1.7"
      }
    },
    "node_modules/jquery": {
      "version": "3.7.1",
      "resolved": "https://registry.npmjs.org/jquery/-/jquery-3.7.1.tgz",
      "integrity": "sha512-m4avr8yL8kmFN8psrbFFFmB/If14iN5o9nw/NgnnM+kybDJpRsAynV2BsfpTYrTRysYUdADVD7CkUUizgkpLfg=="
    }
  },
  "dependencies": {
    "flipclock": {
      "version": "0.7.8",
      "resolved": "https://registry.npmjs.org/flipclock/-/flipclock-0.7.8.tgz",
      "integrity": "sha512-YkMQ5krRzxZJz38m8aJuyPqtphPdnXmas4kNLZbAwu3FNNwsRsg3gzUJM0onWDy34tDlh20IUSSmKiyuE8QJjg==",
      "requires": {
        "jquery": ">=1.7"
      }
    },
    "jquery": {
      "version": "3.7.1",
      "resolved": "https://registry.npmjs.org/jquery/-/jquery-3.7.1.tgz",
      "integrity": "sha512-m4avr8yL8kmFN8psrbFFFmB/If14iN5o9nw/NgnnM+kybDJpRsAynV2BsfpTYrTRysYUdADVD7CkUUizgkpLfg=="
    }
  }
}
